// !$*UTF8*$!
{
	archiveVersion = 1;
	classes = {
	};
	objectVersion = 56;
	objects = {

/* Begin PBXBuildFile section */
		5C5968232BD0DEAB00135A33 /* PlayerScoreModel.swift in Sources */ = {isa = PBXBuildFile; fileRef = 5C5968222BD0DEAB00135A33 /* PlayerScoreModel.swift */; };
		5C5968252BD2CE6400135A33 /* BubbleManager.swift in Sources */ = {isa = PBXBuildFile; fileRef = 5C5968242BD2CE6400135A33 /* BubbleManager.swift */; };
		613DA3822BB63D2B001E42B3 /* BubblePopGameApp.swift in Sources */ = {isa = PBXBuildFile; fileRef = 613DA3812BB63D2B001E42B3 /* BubblePopGameApp.swift */; };
		613DA3842BB63D2B001E42B3 /* ContentView.swift in Sources */ = {isa = PBXBuildFile; fileRef = 613DA3832BB63D2B001E42B3 /* ContentView.swift */; };
		613DA3862BB63D2C001E42B3 /* Assets.xcassets in Resources */ = {isa = PBXBuildFile; fileRef = 613DA3852BB63D2C001E42B3 /* Assets.xcassets */; };
		613DA3892BB63D2C001E42B3 /* Preview Assets.xcassets in Resources */ = {isa = PBXBuildFile; fileRef = 613DA3882BB63D2C001E42B3 /* Preview Assets.xcassets */; };
		613DA3902BB64330001E42B3 /* StartGameView.swift in Sources */ = {isa = PBXBuildFile; fileRef = 613DA38F2BB64330001E42B3 /* StartGameView.swift */; };
		613DA3942BB64DF4001E42B3 /* HighScoreView.swift in Sources */ = {isa = PBXBuildFile; fileRef = 613DA3932BB64DF4001E42B3 /* HighScoreView.swift */; };
		613DA3962BB64EAB001E42B3 /* SettingsView.swift in Sources */ = {isa = PBXBuildFile; fileRef = 613DA3952BB64EAB001E42B3 /* SettingsView.swift */; };
		613DA39A2BB67C73001E42B3 /* HighScoreViewModel.swift in Sources */ = {isa = PBXBuildFile; fileRef = 613DA3992BB67C73001E42B3 /* HighScoreViewModel.swift */; };
/* End PBXBuildFile section */

/* Begin PBXFileReference section */
		5C5968222BD0DEAB00135A33 /* PlayerScoreModel.swift */ = {isa = PBXFileReference; lastKnownFileType = sourcecode.swift; path = PlayerScoreModel.swift; sourceTree = "<group>"; };
		5C5968242BD2CE6400135A33 /* BubbleManager.swift */ = {isa = PBXFileReference; lastKnownFileType = sourcecode.swift; path = BubbleManager.swift; sourceTree = "<group>"; };
		613DA37E2BB63D2B001E42B3 /* BubblePopGame.app */ = {isa = PBXFileReference; explicitFileType = wrapper.application; includeInIndex = 0; path = BubblePopGame.app; sourceTree = BUILT_PRODUCTS_DIR; };
		613DA3812BB63D2B001E42B3 /* BubblePopGameApp.swift */ = {isa = PBXFileReference; lastKnownFileType = sourcecode.swift; path = BubblePopGameApp.swift; sourceTree = "<group>"; };
		613DA3832BB63D2B001E42B3 /* ContentView.swift */ = {isa = PBXFileReference; lastKnownFileType = sourcecode.swift; path = ContentView.swift; sourceTree = "<group>"; };
		613DA3852BB63D2C001E42B3 /* Assets.xcassets */ = {isa = PBXFileReference; lastKnownFileType = folder.assetcatalog; path = Assets.xcassets; sourceTree = "<group>"; };
		613DA3882BB63D2C001E42B3 /* Preview Assets.xcassets */ = {isa = PBXFileReference; lastKnownFileType = folder.assetcatalog; path = "Preview Assets.xcassets"; sourceTree = "<group>"; };
		613DA38F2BB64330001E42B3 /* StartGameView.swift */ = {isa = PBXFileReference; lastKnownFileType = sourcecode.swift; path = StartGameView.swift; sourceTree = "<group>"; };
		613DA3932BB64DF4001E42B3 /* HighScoreView.swift */ = {isa = PBXFileReference; lastKnownFileType = sourcecode.swift; path = HighScoreView.swift; sourceTree = "<group>"; };
		613DA3952BB64EAB001E42B3 /* SettingsView.swift */ = {isa = PBXFileReference; lastKnownFileType = sourcecode.swift; path = SettingsView.swift; sourceTree = "<group>"; };
		613DA3992BB67C73001E42B3 /* HighScoreViewModel.swift */ = {isa = PBXFileReference; lastKnownFileType = sourcecode.swift; path = HighScoreViewModel.swift; sourceTree = "<group>"; };
/* End PBXFileReference section */

/* Begin PBXFrameworksBuildPhase section */
		613DA37B2BB63D2B001E42B3 /* Frameworks */ = {
			isa = PBXFrameworksBuildPhase;
			buildActionMask = 2147483647;
			files = (
			);
			runOnlyForDeploymentPostprocessing = 0;
		};
/* End PBXFrameworksBuildPhase section */

/* Begin PBXGroup section */
		613DA3752BB63D2B001E42B3 = {
			isa = PBXGroup;
			children = (
				613DA3802BB63D2B001E42B3 /* BubblePopGame */,
				613DA37F2BB63D2B001E42B3 /* Products */,
			);
			sourceTree = "<group>";
		};
		613DA37F2BB63D2B001E42B3 /* Products */ = {
			isa = PBXGroup;
			children = (
				613DA37E2BB63D2B001E42B3 /* BubblePopGame.app */,
			);
			name = Products;
			sourceTree = "<group>";
		};
		613DA3802BB63D2B001E42B3 /* BubblePopGame */ = {
			isa = PBXGroup;
			children = (
				613DA3812BB63D2B001E42B3 /* BubblePopGameApp.swift */,
				613DA3832BB63D2B001E42B3 /* ContentView.swift */,
				613DA3932BB64DF4001E42B3 /* HighScoreView.swift */,
				5C5968222BD0DEAB00135A33 /* PlayerScoreModel.swift */,
				613DA3992BB67C73001E42B3 /* HighScoreViewModel.swift */,
				613DA3952BB64EAB001E42B3 /* SettingsView.swift */,
				613DA38F2BB64330001E42B3 /* StartGameView.swift */,
				5C5968242BD2CE6400135A33 /* BubbleManager.swift */,
				613DA3852BB63D2C001E42B3 /* Assets.xcassets */,
				613DA3872BB63D2C001E42B3 /* Preview Content */,
			);
			path = BubblePopGame;
			sourceTree = "<group>";
		};
		613DA3872BB63D2C001E42B3 /* Preview Content */ = {
			isa = PBXGroup;
			children = (
				613DA3882BB63D2C001E42B3 /* Preview Assets.xcassets */,
			);
			path = "Preview Content";
			sourceTree = "<group>";
		};
/* End PBXGroup section */

/* Begin PBXNativeTarget section */
		613DA37D2BB63D2B001E42B3 /* BubblePopGame */ = {
			isa = PBXNativeTarget;
			buildConfigurationList = 613DA38C2BB63D2C001E42B3 /* Build configuration list for PBXNativeTarget "BubblePopGame" */;
			buildPhases = (
				613DA37A2BB63D2B001E42B3 /* Sources */,
				613DA37B2BB63D2B001E42B3 /* Frameworks */,
				613DA37C2BB63D2B001E42B3 /* Resources */,
			);
			buildRules = (
			);
			dependencies = (
			);
			name = BubblePopGame;
			productName = BubblePopGame;
			productReference = 613DA37E2BB63D2B001E42B3 /* BubblePopGame.app */;
			productType = "com.apple.product-type.application";
		};
/* End PBXNativeTarget section */

/* Begin PBXProject section */
		613DA3762BB63D2B001E42B3 /* Project object */ = {
			isa = PBXProject;
			attributes = {
				BuildIndependentTargetsInParallel = 1;
				LastSwiftUpdateCheck = 1520;
				LastUpgradeCheck = 1520;
				TargetAttributes = {
					613DA37D2BB63D2B001E42B3 = {
						CreatedOnToolsVersion = 15.2;
					};
				};
			};
			buildConfigurationList = 613DA3792BB63D2B001E42B3 /* Build configuration list for PBXProject "BubblePopGame" */;
			compatibilityVersion = "Xcode 14.0";
			developmentRegion = en;
			hasScannedForEncodings = 0;
			knownRegions = (
				en,
				Base,
			);
			mainGroup = 613DA3752BB63D2B001E42B3;
			productRefGroup = 613DA37F2BB63D2B001E42B3 /* Products */;
			projectDirPath = "";
			projectRoot = "";
			targets = (
				613DA37D2BB63D2B001E42B3 /* BubblePopGame */,
			);
		};
/* End PBXProject section */

/* Begin PBXResourcesBuildPhase section */
		613DA37C2BB63D2B001E42B3 /* Resources */ = {
			isa = PBXResourcesBuildPhase;
			buildActionMask = 2147483647;
			files = (
				613DA3892BB63D2C001E42B3 /* Preview Assets.xcassets in Resources */,
				613DA3862BB63D2C001E42B3 /* Assets.xcassets in Resources */,
			);
			runOnlyForDeploymentPostprocessing = 0;
		};
/* End PBXResourcesBuildPhase section */

/* Begin PBXSourcesBuildPhase section */
		613DA37A2BB63D2B001E42B3 /* Sources */ = {
			isa = PBXSourcesBuildPhase;
			buildActionMask = 2147483647;
			files = (
				613DA3962BB64EAB001E42B3 /* SettingsView.swift in Sources */,
				613DA3842BB63D2B001E42B3 /* ContentView.swift in Sources */,
				613DA3942BB64DF4001E42B3 /* HighScoreView.swift in Sources */,
				5C5968232BD0DEAB00135A33 /* PlayerScoreModel.swift in Sources */,
				613DA3902BB64330001E42B3 /* StartGameView.swift in Sources */,
				5C5968252BD2CE6400135A33 /* BubbleManager.swift in Sources */,
				613DA3822BB63D2B001E42B3 /* BubblePopGameApp.swift in Sources */,
				613DA39A2BB67C73001E42B3 /* HighScoreViewModel.swift in Sources */,
			);
			runOnlyForDeploymentPostprocessing = 0;
		};
/* End PBXSourcesBuildPhase section */

/* Begin XCBuildConfiguration section */
		613DA38A2BB63D2C001E42B3 /* Debug */ = {
			isa = XCBuildConfiguration;
			buildSettings = {
				ALWAYS_SEARCH_USER_PATHS = NO;
				ASSETCATALOG_COMPILER_GENERATE_SWIFT_ASSET_SYMBOL_EXTENSIONS = YES;
				CLANG_ANALYZER_NONNULL = YES;
				CLANG_ANALYZER_NUMBER_OBJECT_CONVERSION = YES_AGGRESSIVE;
				CLANG_CXX_LANGUAGE_STANDARD = "gnu++20";
				CLANG_ENABLE_MODULES = YES;
				CLANG_ENABLE_OBJC_ARC = YES;
				CLANG_ENABLE_OBJC_WEAK = YES;
				CLANG_WARN_BLOCK_CAPTURE_AUTORELEASING = YES;
				CLANG_WARN_BOOL_CONVERSION = YES;
				CLANG_WARN_COMMA = YES;
				CLANG_WARN_CONSTANT_CONVERSION = YES;
				CLANG_WARN_DEPRECATED_OBJC_IMPLEMENTATIONS = YES;
				CLANG_WARN_DIRECT_OBJC_ISA_USAGE = YES_ERROR;
				CLANG_WARN_DOCUMENTATION_COMMENTS = YES;
				CLANG_WARN_EMPTY_BODY = YES;
				CLANG_WARN_ENUM_CONVERSION = YES;
				CLANG_WARN_INFINITE_RECURSION = YES;
				CLANG_WARN_INT_CONVERSION = YES;
				CLANG_WARN_NON_LITERAL_NULL_CONVERSION = YES;
				CLANG_WARN_OBJC_IMPLICIT_RETAIN_SELF = YES;
				CLANG_WARN_OBJC_LITERAL_CONVERSION = YES;
				CLANG_WARN_OBJC_ROOT_CLASS = YES_ERROR;
				CLANG_WARN_QUOTED_INCLUDE_IN_FRAMEWORK_HEADER = YES;
				CLANG_WARN_RANGE_LOOP_ANALYSIS = YES;
				CLANG_WARN_STRICT_PROTOTYPES = YES;
				CLANG_WARN_SUSPICIOUS_MOVE = YES;
				CLANG_WARN_UNGUARDED_AVAILABILITY = YES_AGGRESSIVE;
				CLANG_WARN_UNREACHABLE_CODE = YES;
				CLANG_WARN__DUPLICATE_METHOD_MATCH = YES;
				COPY_PHASE_STRIP = NO;
				DEBUG_INFORMATION_FORMAT = dwarf;
				ENABLE_STRICT_OBJC_MSGSEND = YES;
				ENABLE_TESTABILITY = YES;
				ENABLE_USER_SCRIPT_SANDBOXING = YES;
				GCC_C_LANGUAGE_STANDARD = gnu17;
				GCC_DYNAMIC_NO_PIC = NO;
				GCC_NO_COMMON_BLOCKS = YES;
				GCC_OPTIMIZATION_LEVEL = 0;
				GCC_PREPROCESSOR_DEFINITIONS = (
					"DEBUG=1",
					"$(inherited)",
				);
				GCC_WARN_64_TO_32_BIT_CONVERSION = YES;
				GCC_WARN_ABOUT_RETURN_TYPE = YES_ERROR;
				GCC_WARN_UNDECLARED_SELECTOR = YES;
				GCC_WARN_UNINITIALIZED_AUTOS = YES_AGGRESSIVE;
				GCC_WARN_UNUSED_FUNCTION = YES;
				GCC_WARN_UNUSED_VARIABLE = YES;
				IPHONEOS_DEPLOYMENT_TARGET = 17.2;
				LOCALIZATION_PREFERS_STRING_CATALOGS = YES;
				MTL_ENABLE_DEBUG_INFO = INCLUDE_SOURCE;
				MTL_FAST_MATH = YES;
				ONLY_ACTIVE_ARCH = YES;
				SDKROOT = iphoneos;
				SWIFT_ACTIVE_COMPILATION_CONDITIONS = "DEBUG $(inherited)";
				SWIFT_OPTIMIZATION_LEVEL = "-Onone";
			};
			name = Debug;
		};
		613DA38B2BB63D2C001E42B3 /* Release */ = {
			isa = XCBuildConfiguration;
			buildSettings = {
				ALWAYS_SEARCH_USER_PATHS = NO;
				ASSETCATALOG_COMPILER_GENERATE_SWIFT_ASSET_SYMBOL_EXTENSIONS = YES;
				CLANG_ANALYZER_NONNULL = YES;
				CLANG_ANALYZER_NUMBER_OBJECT_CONVERSION = YES_AGGRESSIVE;
				CLANG_CXX_LANGUAGE_STANDARD = "gnu++20";
				CLANG_ENABLE_MODULES = YES;
				CLANG_ENABLE_OBJC_ARC = YES;
				CLANG_ENABLE_OBJC_WEAK = YES;
				CLANG_WARN_BLOCK_CAPTURE_AUTORELEASING = YES;
				CLANG_WARN_BOOL_CONVERSION = YES;
				CLANG_WARN_COMMA = YES;
				CLANG_WARN_CONSTANT_CONVERSION = YES;
				CLANG_WARN_DEPRECATED_OBJC_IMPLEMENTATIONS = YES;
				CLANG_WARN_DIRECT_OBJC_ISA_USAGE = YES_ERROR;
				CLANG_WARN_DOCUMENTATION_COMMENTS = YES;
				CLANG_WARN_EMPTY_BODY = YES;
				CLANG_WARN_ENUM_CONVERSION = YES;
				CLANG_WARN_INFINITE_RECURSION = YES;
				CLANG_WARN_INT_CONVERSION = YES;
				CLANG_WARN_NON_LITERAL_NULL_CONVERSION = YES;
				CLANG_WARN_OBJC_IMPLICIT_RETAIN_SELF = YES;
				CLANG_WARN_OBJC_LITERAL_CONVERSION = YES;
				CLANG_WARN_OBJC_ROOT_CLASS = YES_ERROR;
				CLANG_WARN_QUOTED_INCLUDE_IN_FRAMEWORK_HEADER = YES;
				CLANG_WARN_RANGE_LOOP_ANALYSIS = YES;
				CLANG_WARN_STRICT_PROTOTYPES = YES;
				CLANG_WARN_SUSPICIOUS_MOVE = YES;
				CLANG_WARN_UNGUARDED_AVAILABILITY = YES_AGGRESSIVE;
				CLANG_WARN_UNREACHABLE_CODE = YES;
				CLANG_WARN__DUPLICATE_METHOD_MATCH = YES;
				COPY_PHASE_STRIP = NO;
				DEBUG_INFORMATION_FORMAT = "dwarf-with-dsym";
				ENABLE_NS_ASSERTIONS = NO;
				ENABLE_STRICT_OBJC_MSGSEND = YES;
				ENABLE_USER_SCRIPT_SANDBOXING = YES;
				GCC_C_LANGUAGE_STANDARD = gnu17;
				GCC_NO_COMMON_BLOCKS = YES;
				GCC_WARN_64_TO_32_BIT_CONVERSION = YES;
				GCC_WARN_ABOUT_RETURN_TYPE = YES_ERROR;
				GCC_WARN_UNDECLARED_SELECTOR = YES;
				GCC_WARN_UNINITIALIZED_AUTOS = YES_AGGRESSIVE;
				GCC_WARN_UNUSED_FUNCTION = YES;
				GCC_WARN_UNUSED_VARIABLE = YES;
				IPHONEOS_DEPLOYMENT_TARGET = 17.2;
				LOCALIZATION_PREFERS_STRING_CATALOGS = YES;
				MTL_ENABLE_DEBUG_INFO = NO;
				MTL_FAST_MATH = YES;
				SDKROOT = iphoneos;
				SWIFT_COMPILATION_MODE = wholemodule;
				VALIDATE_PRODUCT = YES;
			};
			name = Release;
		};
		613DA38D2BB63D2C001E42B3 /* Debug */ = {
			isa = XCBuildConfiguration;
			buildSettings = {
				ASSETCATALOG_COMPILER_APPICON_NAME = AppIcon;
				ASSETCATALOG_COMPILER_GLOBAL_ACCENT_COLOR_NAME = AccentColor;
				CODE_SIGN_STYLE = Automatic;
				CURRENT_PROJECT_VERSION = 1;
				DEVELOPMENT_ASSET_PATHS = "\"BubblePopGame/Preview Content\"";
				ENABLE_PREVIEWS = YES;
				GENERATE_INFOPLIST_FILE = YES;
				INFOPLIST_KEY_UIApplicationSceneManifest_Generation = YES;
				INFOPLIST_KEY_UIApplicationSupportsIndirectInputEvents = YES;
				INFOPLIST_KEY_UILaunchScreen_Generation = YES;
				INFOPLIST_KEY_UISupportedInterfaceOrientations_iPad = "UIInterfaceOrientationPortrait UIInterfaceOrientationPortraitUpsideDown UIInterfaceOrientationLandscapeLeft UIInterfaceOrientationLandscapeRight";
				INFOPLIST_KEY_UISupportedInterfaceOrientations_iPhone = "UIInterfaceOrientationPortrait UIInterfaceOrientationLandscapeLeft UIInterfaceOrientationLandscapeRight";
				LD_RUNPATH_SEARCH_PATHS = (
					"$(inherited)",
					"@executable_path/Frameworks",
				);
				MARKETING_VERSION = 1.0;
				PRODUCT_BUNDLE_IDENTIFIER = au.edu.uts.BubblePopGame;
				PRODUCT_NAME = "$(TARGET_NAME)";
				SWIFT_EMIT_LOC_STRINGS = YES;
				SWIFT_VERSION = 5.0;
				TARGETED_DEVICE_FAMILY = "1,2";
			};
			name = Debug;
		};
		613DA38E2BB63D2C001E42B3 /* Release */ = {
			isa = XCBuildConfiguration;
			buildSettings = {
				ASSETCATALOG_COMPILER_APPICON_NAME = AppIcon;
				ASSETCATALOG_COMPILER_GLOBAL_ACCENT_COLOR_NAME = AccentColor;
				CODE_SIGN_STYLE = Automatic;
				CURRENT_PROJECT_VERSION = 1;
				DEVELOPMENT_ASSET_PATHS = "\"BubblePopGame/Preview Content\"";
				ENABLE_PREVIEWS = YES;
				GENERATE_INFOPLIST_FILE = YES;
				INFOPLIST_KEY_UIApplicationSceneManifest_Generation = YES;
				INFOPLIST_KEY_UIApplicationSupportsIndirectInputEvents = YES;
				INFOPLIST_KEY_UILaunchScreen_Generation = YES;
				INFOPLIST_KEY_UISupportedInterfaceOrientations_iPad = "UIInterfaceOrientationPortrait UIInterfaceOrientationPortraitUpsideDown UIInterfaceOrientationLandscapeLeft UIInterfaceOrientationLandscapeRight";
				INFOPLIST_KEY_UISupportedInterfaceOrientations_iPhone = "UIInterfaceOrientationPortrait UIInterfaceOrientationLandscapeLeft UIInterfaceOrientationLandscapeRight";
				LD_RUNPATH_SEARCH_PATHS = (
					"$(inherited)",
					"@executable_path/Frameworks",
				);
				MARKETING_VERSION = 1.0;
				PRODUCT_BUNDLE_IDENTIFIER = au.edu.uts.BubblePopGame;
				PRODUCT_NAME = "$(TARGET_NAME)";
				SWIFT_EMIT_LOC_STRINGS = YES;
				SWIFT_VERSION = 5.0;
				TARGETED_DEVICE_FAMILY = "1,2";
			};
			name = Release;
		};
/* End XCBuildConfiguration section */

/* Begin XCConfigurationList section */
		613DA3792BB63D2B001E42B3 /* Build configuration list for PBXProject "BubblePopGame" */ = {
			isa = XCConfigurationList;
			buildConfigurations = (
				613DA38A2BB63D2C001E42B3 /* Debug */,
				613DA38B2BB63D2C001E42B3 /* Release */,
			);
			defaultConfigurationIsVisible = 0;
			defaultConfigurationName = Release;
		};
		613DA38C2BB63D2C001E42B3 /* Build configuration list for PBXNativeTarget "BubblePopGame" */ = {
			isa = XCConfigurationList;
			buildConfigurations = (
				613DA38D2BB63D2C001E42B3 /* Debug */,
				613DA38E2BB63D2C001E42B3 /* Release */,
			);
			defaultConfigurationIsVisible = 0;
			defaultConfigurationName = Release;
		};
/* End XCConfigurationList section */
	};
	rootObject = 613DA3762BB63D2B001E42B3 /* Project object */;
}
